
Microsoft Visual Studio Solution File, Format Version 10.00
# Visual Studio 2008
Project("{FAE04EC0-301F-11D3-BF4B-00C04F79EFBC}") = "CommandPattern_HeadFirst", "CommandPattern_HeadFirst\CommandPattern_HeadFirst.csproj", "{72E8C32F-B2E1-41B9-B2B1-45775E6726BC}"
EndProject
Global
	GlobalSection(SolutionConfigurationPlatforms) = preSolution
		Debug|Any CPU = Debug|Any CPU
		Release|Any CPU = Release|Any CPU
	EndGlobalSection
	GlobalSection(ProjectConfigurationPlatforms) = postSolution
		{72E8C32F-B2E1-41B9-B2B1-45775E6726BC}.Debug|Any CPU.ActiveCfg = Debug|Any CPU
		{72E8C32F-B2E1-41B9-B2B1-45775E6726BC}.Debug|Any CPU.Build.0 = Debug|Any CPU
		{72E8C32F-B2E1-41B9-B2B1-45775E6726BC}.Release|Any CPU.ActiveCfg = Release|Any CPU
		{72E8C32F-B2E1-41B9-B2B1-45775E6726BC}.Release|Any CPU.Build.0 = Release|Any CPU
	EndGlobalSection
	GlobalSection(SolutionProperties) = preSolution
		HideSolutionNode = FALSE
	EndGlobalSection
EndGlobal
