
Microsoft Visual Studio Solution File, Format Version 10.00
# Visual Studio 2008
Project("{FAE04EC0-301F-11D3-BF4B-00C04F79EFBC}") = "Iterator_CompositePattern_HeadFirst", "Iterator_CompositePattern_HeadFirst\Iterator_CompositePattern_HeadFirst.csproj", "{62FC8D92-6524-44B7-A8C2-C01BB9717638}"
EndProject
Global
	GlobalSection(SolutionConfigurationPlatforms) = preSolution
		Debug|Any CPU = Debug|Any CPU
		Release|Any CPU = Release|Any CPU
	EndGlobalSection
	GlobalSection(ProjectConfigurationPlatforms) = postSolution
		{62FC8D92-6524-44B7-A8C2-C01BB9717638}.Debug|Any CPU.ActiveCfg = Debug|Any CPU
		{62FC8D92-6524-44B7-A8C2-C01BB9717638}.Debug|Any CPU.Build.0 = Debug|Any CPU
		{62FC8D92-6524-44B7-A8C2-C01BB9717638}.Release|Any CPU.ActiveCfg = Release|Any CPU
		{62FC8D92-6524-44B7-A8C2-C01BB9717638}.Release|Any CPU.Build.0 = Release|Any CPU
	EndGlobalSection
	GlobalSection(SolutionProperties) = preSolution
		HideSolutionNode = FALSE
	EndGlobalSection
EndGlobal
