
Microsoft Visual Studio Solution File, Format Version 10.00
# Visual Studio 2008
Project("{FAE04EC0-301F-11D3-BF4B-00C04F79EFBC}") = "DecoratorPattern_DesignPatterns", "DecoratorPattern_DesignPatterns\DecoratorPattern_DesignPatterns.csproj", "{7CD72CA7-092D-441C-A758-15641131EAAB}"
EndProject
Global
	GlobalSection(SolutionConfigurationPlatforms) = preSolution
		Debug|Any CPU = Debug|Any CPU
		Release|Any CPU = Release|Any CPU
	EndGlobalSection
	GlobalSection(ProjectConfigurationPlatforms) = postSolution
		{7CD72CA7-092D-441C-A758-15641131EAAB}.Debug|Any CPU.ActiveCfg = Debug|Any CPU
		{7CD72CA7-092D-441C-A758-15641131EAAB}.Debug|Any CPU.Build.0 = Debug|Any CPU
		{7CD72CA7-092D-441C-A758-15641131EAAB}.Release|Any CPU.ActiveCfg = Release|Any CPU
		{7CD72CA7-092D-441C-A758-15641131EAAB}.Release|Any CPU.Build.0 = Release|Any CPU
	EndGlobalSection
	GlobalSection(SolutionProperties) = preSolution
		HideSolutionNode = FALSE
	EndGlobalSection
EndGlobal
